
Microsoft Visual Studio Solution File, Format Version 12.00
# Visual Studio Version 16
VisualStudioVersion = 16.0.29709.97
MinimumVisualStudioVersion = 10.0.40219.1
Project("{9A19103F-16F7-4668-BE54-9A1E7A4F7556}") = "AMQP.ServiceFramework", "AMQP.ServiceFramework\AMQP.ServiceFramework.csproj", "{BC802E0B-FB97-4DC5-9533-0953DD204B2D}"
EndProject
Project("{9A19103F-16F7-4668-BE54-9A1E7A4F7556}") = "AMQP.Plugin", "AMQP.Plugin\src\AMQP.Plugin\AMQP.Plugin.csproj", "{3B00A39C-D9ED-4E0B-AD7D-A8794396AE28}"
EndProject
Project("{2150E333-8FDC-42A3-9474-1A3956D46DE8}") = "Submodules", "Submodules", "{E353666D-E348-43B9-8553-E3B49877EB53}"
EndProject
Project("{2150E333-8FDC-42A3-9474-1A3956D46DE8}") = "Tests", "Tests", "{9AD3D8DF-C41F-4416-9D6B-FD9809512A96}"
EndProject
Project("{FAE04EC0-301F-11D3-BF4B-00C04F79EFBC}") = "AMQP.ServiceFramework.Tests", "AMQP.ServiceFramework.Tests\AMQP.ServiceFramework.Tests.csproj", "{D9E7CB48-5EF6-43AD-8FAC-D82DAA44D23F}"
EndProject
Global
	GlobalSection(SolutionConfigurationPlatforms) = preSolution
		Debug|Any CPU = Debug|Any CPU
		Release|Any CPU = Release|Any CPU
	EndGlobalSection
	GlobalSection(ProjectConfigurationPlatforms) = postSolution
		{BC802E0B-FB97-4DC5-9533-0953DD204B2D}.Debug|Any CPU.ActiveCfg = Debug|Any CPU
		{BC802E0B-FB97-4DC5-9533-0953DD204B2D}.Debug|Any CPU.Build.0 = Debug|Any CPU
		{BC802E0B-FB97-4DC5-9533-0953DD204B2D}.Release|Any CPU.ActiveCfg = Release|Any CPU
		{BC802E0B-FB97-4DC5-9533-0953DD204B2D}.Release|Any CPU.Build.0 = Release|Any CPU
		{3B00A39C-D9ED-4E0B-AD7D-A8794396AE28}.Debug|Any CPU.ActiveCfg = Debug|Any CPU
		{3B00A39C-D9ED-4E0B-AD7D-A8794396AE28}.Debug|Any CPU.Build.0 = Debug|Any CPU
		{3B00A39C-D9ED-4E0B-AD7D-A8794396AE28}.Release|Any CPU.ActiveCfg = Release|Any CPU
		{3B00A39C-D9ED-4E0B-AD7D-A8794396AE28}.Release|Any CPU.Build.0 = Release|Any CPU
		{D9E7CB48-5EF6-43AD-8FAC-D82DAA44D23F}.Debug|Any CPU.ActiveCfg = Debug|Any CPU
		{D9E7CB48-5EF6-43AD-8FAC-D82DAA44D23F}.Debug|Any CPU.Build.0 = Debug|Any CPU
		{D9E7CB48-5EF6-43AD-8FAC-D82DAA44D23F}.Release|Any CPU.ActiveCfg = Release|Any CPU
		{D9E7CB48-5EF6-43AD-8FAC-D82DAA44D23F}.Release|Any CPU.Build.0 = Release|Any CPU
	EndGlobalSection
	GlobalSection(SolutionProperties) = preSolution
		HideSolutionNode = FALSE
	EndGlobalSection
	GlobalSection(NestedProjects) = preSolution
		{3B00A39C-D9ED-4E0B-AD7D-A8794396AE28} = {E353666D-E348-43B9-8553-E3B49877EB53}
		{D9E7CB48-5EF6-43AD-8FAC-D82DAA44D23F} = {9AD3D8DF-C41F-4416-9D6B-FD9809512A96}
	EndGlobalSection
	GlobalSection(ExtensibilityGlobals) = postSolution
		SolutionGuid = {2A9EE42C-F8B0-45F8-8A7C-4365C69D81E0}
	EndGlobalSection
EndGlobal
